// !$*UTF8*$!
{
	archiveVersion = 1;
	classes = {
	};
	objectVersion = 50;
	objects = {

/* Begin PBXBuildFile section */
		7C00090321E0B9CF00338B3D /* Movie.swift in Sources */ = {isa = PBXBuildFile; fileRef = 7C00090221E0B9CF00338B3D /* Movie.swift */; };
		7CDB7A7321D64E80008B817D /* MoviesHandler.swift in Sources */ = {isa = PBXBuildFile; fileRef = 7CDB7A7221D64E7F008B817D /* MoviesHandler.swift */; };
		890FE70E21C94F7B00500A47 /* AppDelegate.swift in Sources */ = {isa = PBXBuildFile; fileRef = 890FE70D21C94F7B00500A47 /* AppDelegate.swift */; };
		890FE71321C94F7B00500A47 /* Main.storyboard in Resources */ = {isa = PBXBuildFile; fileRef = 890FE71121C94F7B00500A47 /* Main.storyboard */; };
		890FE71521C94F7D00500A47 /* Assets.xcassets in Resources */ = {isa = PBXBuildFile; fileRef = 890FE71421C94F7D00500A47 /* Assets.xcassets */; };
		890FE71821C94F7D00500A47 /* LaunchScreen.storyboard in Resources */ = {isa = PBXBuildFile; fileRef = 890FE71621C94F7D00500A47 /* LaunchScreen.storyboard */; };
		890FE73F21C950AC00500A47 /* DataBase.swift in Sources */ = {isa = PBXBuildFile; fileRef = 890FE73E21C950AC00500A47 /* DataBase.swift */; };
		89DD1BB602A5158C40FAE7C2 /* Pods_Filmder.framework in Frameworks */ = {isa = PBXBuildFile; fileRef = CFCBCECED8E5824AFF75D1F3 /* Pods_Filmder.framework */; };
		9F08A7FA21CA960A00350AAE /* DrawerViewController.swift in Sources */ = {isa = PBXBuildFile; fileRef = 9F08A7F921CA960A00350AAE /* DrawerViewController.swift */; };
		9F08A80221CA963400350AAE /* MainTabBarController.swift in Sources */ = {isa = PBXBuildFile; fileRef = 9F08A80121CA963400350AAE /* MainTabBarController.swift */; };
		9F08A80421CAA35A00350AAE /* MenuViewController.swift in Sources */ = {isa = PBXBuildFile; fileRef = 9F08A80321CAA35A00350AAE /* MenuViewController.swift */; };
		9F71F10021CBEAA700EEAE9D /* ToSeeTableViewController.swift in Sources */ = {isa = PBXBuildFile; fileRef = 9F71F0FF21CBEAA700EEAE9D /* ToSeeTableViewController.swift */; };
		9F71F10821CBF33C00EEAE9D /* ArchivedTableViewController.swift in Sources */ = {isa = PBXBuildFile; fileRef = 9F71F10721CBF33C00EEAE9D /* ArchivedTableViewController.swift */; };
		9F71F10A21CBF36300EEAE9D /* DiscoverViewController.swift in Sources */ = {isa = PBXBuildFile; fileRef = 9F71F10921CBF36300EEAE9D /* DiscoverViewController.swift */; };
		9FBF890121CD0EA500FE47E0 /* PopViewController.swift in Sources */ = {isa = PBXBuildFile; fileRef = 9FBF890021CD0EA500FE47E0 /* PopViewController.swift */; };
		9FC025B121E95A740049EF91 /* MovieToSeeTableViewCell.swift in Sources */ = {isa = PBXBuildFile; fileRef = 9FC025B021E95A740049EF91 /* MovieToSeeTableViewCell.swift */; };
		9FC025B321E95E620049EF91 /* MovieArchivedTableViewCell.swift in Sources */ = {isa = PBXBuildFile; fileRef = 9FC025B221E95E620049EF91 /* MovieArchivedTableViewCell.swift */; };
		9FC025B521E967BA0049EF91 /* FilterViewController.swift in Sources */ = {isa = PBXBuildFile; fileRef = 9FC025B421E967BA0049EF91 /* FilterViewController.swift */; };
		9FC025B721E96A270049EF91 /* GenresTableViewController.swift in Sources */ = {isa = PBXBuildFile; fileRef = 9FC025B621E96A270049EF91 /* GenresTableViewController.swift */; };
		AA34665C4C0BFD9D253DCCBE /* Pods_Filmder.framework in Frameworks */ = {isa = PBXBuildFile; fileRef = 8442524190C9829B5EDD9B06 /* Pods_Filmder.framework */; };
/* End PBXBuildFile section */

/* Begin PBXCopyFilesBuildPhase section */
		890FE73D21C94FF400500A47 /* Embed Frameworks */ = {
			isa = PBXCopyFilesBuildPhase;
			buildActionMask = 2147483647;
			dstPath = "";
			dstSubfolderSpec = 10;
			files = (
			);
			name = "Embed Frameworks";
			runOnlyForDeploymentPostprocessing = 0;
		};
/* End PBXCopyFilesBuildPhase section */

/* Begin PBXFileReference section */
		7C00090221E0B9CF00338B3D /* Movie.swift */ = {isa = PBXFileReference; lastKnownFileType = sourcecode.swift; path = Movie.swift; sourceTree = "<group>"; };
		7CDB7A7221D64E7F008B817D /* MoviesHandler.swift */ = {isa = PBXFileReference; lastKnownFileType = sourcecode.swift; name = MoviesHandler.swift; path = ../MoviesHandler.swift; sourceTree = "<group>"; };
		8442524190C9829B5EDD9B06 /* Pods_Filmder.framework */ = {isa = PBXFileReference; explicitFileType = wrapper.framework; includeInIndex = 0; path = Pods_Filmder.framework; sourceTree = BUILT_PRODUCTS_DIR; };
		8905CBEED6599BDD7199F928 /* Pods-Filmder.debug.xcconfig */ = {isa = PBXFileReference; includeInIndex = 1; lastKnownFileType = text.xcconfig; name = "Pods-Filmder.debug.xcconfig"; path = "Pods/Target Support Files/Pods-Filmder/Pods-Filmder.debug.xcconfig"; sourceTree = "<group>"; };
		890FE70A21C94F7B00500A47 /* Filmder.app */ = {isa = PBXFileReference; explicitFileType = wrapper.application; includeInIndex = 0; path = Filmder.app; sourceTree = BUILT_PRODUCTS_DIR; };
		890FE70D21C94F7B00500A47 /* AppDelegate.swift */ = {isa = PBXFileReference; lastKnownFileType = sourcecode.swift; path = AppDelegate.swift; sourceTree = "<group>"; };
		890FE71221C94F7B00500A47 /* Base */ = {isa = PBXFileReference; lastKnownFileType = file.storyboard; name = Base; path = Base.lproj/Main.storyboard; sourceTree = "<group>"; };
		890FE71421C94F7D00500A47 /* Assets.xcassets */ = {isa = PBXFileReference; lastKnownFileType = folder.assetcatalog; path = Assets.xcassets; sourceTree = "<group>"; };
		890FE71721C94F7D00500A47 /* Base */ = {isa = PBXFileReference; lastKnownFileType = file.storyboard; name = Base; path = Base.lproj/LaunchScreen.storyboard; sourceTree = "<group>"; };
		890FE71921C94F7D00500A47 /* Info.plist */ = {isa = PBXFileReference; lastKnownFileType = text.plist.xml; path = Info.plist; sourceTree = "<group>"; };
		890FE73E21C950AC00500A47 /* DataBase.swift */ = {isa = PBXFileReference; lastKnownFileType = sourcecode.swift; path = DataBase.swift; sourceTree = "<group>"; };
		9F08A7F921CA960A00350AAE /* DrawerViewController.swift */ = {isa = PBXFileReference; lastKnownFileType = sourcecode.swift; path = DrawerViewController.swift; sourceTree = "<group>"; };
		9F08A80121CA963400350AAE /* MainTabBarController.swift */ = {isa = PBXFileReference; lastKnownFileType = sourcecode.swift; path = MainTabBarController.swift; sourceTree = "<group>"; };
		9F08A80321CAA35A00350AAE /* MenuViewController.swift */ = {isa = PBXFileReference; lastKnownFileType = sourcecode.swift; path = MenuViewController.swift; sourceTree = "<group>"; };
		9F71F0FF21CBEAA700EEAE9D /* ToSeeTableViewController.swift */ = {isa = PBXFileReference; lastKnownFileType = sourcecode.swift; path = ToSeeTableViewController.swift; sourceTree = "<group>"; };
		9F71F10721CBF33C00EEAE9D /* ArchivedTableViewController.swift */ = {isa = PBXFileReference; lastKnownFileType = sourcecode.swift; path = ArchivedTableViewController.swift; sourceTree = "<group>"; };
		9F71F10921CBF36300EEAE9D /* DiscoverViewController.swift */ = {isa = PBXFileReference; lastKnownFileType = sourcecode.swift; path = DiscoverViewController.swift; sourceTree = "<group>"; };
		9FBF890021CD0EA500FE47E0 /* PopViewController.swift */ = {isa = PBXFileReference; lastKnownFileType = sourcecode.swift; path = PopViewController.swift; sourceTree = "<group>"; };
		9FC025B021E95A740049EF91 /* MovieToSeeTableViewCell.swift */ = {isa = PBXFileReference; lastKnownFileType = sourcecode.swift; path = MovieToSeeTableViewCell.swift; sourceTree = "<group>"; };
		9FC025B221E95E620049EF91 /* MovieArchivedTableViewCell.swift */ = {isa = PBXFileReference; lastKnownFileType = sourcecode.swift; path = MovieArchivedTableViewCell.swift; sourceTree = "<group>"; };
		9FC025B421E967BA0049EF91 /* FilterViewController.swift */ = {isa = PBXFileReference; lastKnownFileType = sourcecode.swift; path = FilterViewController.swift; sourceTree = "<group>"; };
		9FC025B621E96A270049EF91 /* GenresTableViewController.swift */ = {isa = PBXFileReference; lastKnownFileType = sourcecode.swift; path = GenresTableViewController.swift; sourceTree = "<group>"; };
		A7CCB847B1FA1ED39882C0DF /* Pods-Filmder.release.xcconfig */ = {isa = PBXFileReference; includeInIndex = 1; lastKnownFileType = text.xcconfig; name = "Pods-Filmder.release.xcconfig"; path = "Pods/Target Support Files/Pods-Filmder/Pods-Filmder.release.xcconfig"; sourceTree = "<group>"; };
		CFCBCECED8E5824AFF75D1F3 /* Pods_Filmder.framework */ = {isa = PBXFileReference; explicitFileType = wrapper.framework; includeInIndex = 0; path = Pods_Filmder.framework; sourceTree = BUILT_PRODUCTS_DIR; };
/* End PBXFileReference section */

/* Begin PBXFrameworksBuildPhase section */
		890FE70721C94F7B00500A47 /* Frameworks */ = {
			isa = PBXFrameworksBuildPhase;
			buildActionMask = 2147483647;
			files = (
				89DD1BB602A5158C40FAE7C2 /* Pods_Filmder.framework in Frameworks */,
				AA34665C4C0BFD9D253DCCBE /* Pods_Filmder.framework in Frameworks */,
			);
			runOnlyForDeploymentPostprocessing = 0;
		};
/* End PBXFrameworksBuildPhase section */

/* Begin PBXGroup section */
		3284B67C6DF2B3158EDDDDFE /* Frameworks */ = {
			isa = PBXGroup;
			children = (
				8442524190C9829B5EDD9B06 /* Pods_Filmder.framework */,
			);
			name = Frameworks;
			sourceTree = "<group>";
		};
		890FE70121C94F7B00500A47 = {
			isa = PBXGroup;
			children = (
				890FE70C21C94F7B00500A47 /* Filmder */,
				890FE70B21C94F7B00500A47 /* Products */,
				9F3FEC4621C9946100110096 /* Products */,
				F081469FAAE2F26A0DA643F7 /* Pods */,
				3284B67C6DF2B3158EDDDDFE /* Frameworks */,
			);
			sourceTree = "<group>";
		};
		890FE70B21C94F7B00500A47 /* Products */ = {
			isa = PBXGroup;
			children = (
				890FE70A21C94F7B00500A47 /* Filmder.app */,
			);
			name = Products;
			sourceTree = "<group>";
		};
		890FE70C21C94F7B00500A47 /* Filmder */ = {
			isa = PBXGroup;
			children = (
				7CDB7A7221D64E7F008B817D /* MoviesHandler.swift */,
				890FE70D21C94F7B00500A47 /* AppDelegate.swift */,
				890FE71121C94F7B00500A47 /* Main.storyboard */,
				890FE71421C94F7D00500A47 /* Assets.xcassets */,
				890FE71621C94F7D00500A47 /* LaunchScreen.storyboard */,
				890FE71921C94F7D00500A47 /* Info.plist */,
				890FE73E21C950AC00500A47 /* DataBase.swift */,
				9F08A7F921CA960A00350AAE /* DrawerViewController.swift */,
				9F08A80121CA963400350AAE /* MainTabBarController.swift */,
				9F08A80321CAA35A00350AAE /* MenuViewController.swift */,
				9F71F0FF21CBEAA700EEAE9D /* ToSeeTableViewController.swift */,
				9F71F10721CBF33C00EEAE9D /* ArchivedTableViewController.swift */,
				9FC025B421E967BA0049EF91 /* FilterViewController.swift */,
				9F71F10921CBF36300EEAE9D /* DiscoverViewController.swift */,
				9FBF890021CD0EA500FE47E0 /* PopViewController.swift */,
				7C00090221E0B9CF00338B3D /* Movie.swift */,
				9FC025B021E95A740049EF91 /* MovieToSeeTableViewCell.swift */,
				9FC025B221E95E620049EF91 /* MovieArchivedTableViewCell.swift */,
				9FC025B621E96A270049EF91 /* GenresTableViewController.swift */,
			);
			path = Filmder;
			sourceTree = "<group>";
		};
		9F3FEC4621C9946100110096 /* Products */ = {
			isa = PBXGroup;
			children = (
				CFCBCECED8E5824AFF75D1F3 /* Pods_Filmder.framework */,
			);
			name = Products;
			sourceTree = "<group>";
		};
		F081469FAAE2F26A0DA643F7 /* Pods */ = {
			isa = PBXGroup;
			children = (
				8905CBEED6599BDD7199F928 /* Pods-Filmder.debug.xcconfig */,
				A7CCB847B1FA1ED39882C0DF /* Pods-Filmder.release.xcconfig */,
			);
			name = Pods;
			sourceTree = "<group>";
		};
/* End PBXGroup section */

/* Begin PBXNativeTarget section */
		890FE70921C94F7B00500A47 /* Filmder */ = {
			isa = PBXNativeTarget;
			buildConfigurationList = 890FE71C21C94F7D00500A47 /* Build configuration list for PBXNativeTarget "Filmder" */;
			buildPhases = (
				207E1943D52B260F8AC78682 /* [CP] Check Pods Manifest.lock */,
				890FE70621C94F7B00500A47 /* Sources */,
				890FE70721C94F7B00500A47 /* Frameworks */,
				890FE70821C94F7B00500A47 /* Resources */,
				890FE73D21C94FF400500A47 /* Embed Frameworks */,
				950503F3B4F0D4308CCCDF14 /* [CP] Embed Pods Frameworks */,
			);
			buildRules = (
			);
			dependencies = (
			);
			name = Filmder;
			productName = Filmder;
			productReference = 890FE70A21C94F7B00500A47 /* Filmder.app */;
			productType = "com.apple.product-type.application";
		};
/* End PBXNativeTarget section */

/* Begin PBXProject section */
		890FE70221C94F7B00500A47 /* Project object */ = {
			isa = PBXProject;
			attributes = {
				LastSwiftUpdateCheck = 0940;
				LastUpgradeCheck = 0940;
				ORGANIZATIONNAME = civetdelapin;
				TargetAttributes = {
					890FE70921C94F7B00500A47 = {
						CreatedOnToolsVersion = 9.4.1;
					};
				};
			};
			buildConfigurationList = 890FE70521C94F7B00500A47 /* Build configuration list for PBXProject "Filmder" */;
			compatibilityVersion = "Xcode 9.3";
			developmentRegion = en;
			hasScannedForEncodings = 0;
			knownRegions = (
				en,
				Base,
			);
			mainGroup = 890FE70121C94F7B00500A47;
			productRefGroup = 890FE70B21C94F7B00500A47 /* Products */;
			projectDirPath = "";
			projectRoot = "";
			targets = (
				890FE70921C94F7B00500A47 /* Filmder */,
			);
		};
/* End PBXProject section */

/* Begin PBXResourcesBuildPhase section */
		890FE70821C94F7B00500A47 /* Resources */ = {
			isa = PBXResourcesBuildPhase;
			buildActionMask = 2147483647;
			files = (
				890FE71821C94F7D00500A47 /* LaunchScreen.storyboard in Resources */,
				890FE71521C94F7D00500A47 /* Assets.xcassets in Resources */,
				890FE71321C94F7B00500A47 /* Main.storyboard in Resources */,
			);
			runOnlyForDeploymentPostprocessing = 0;
		};
/* End PBXResourcesBuildPhase section */

/* Begin PBXShellScriptBuildPhase section */
		207E1943D52B260F8AC78682 /* [CP] Check Pods Manifest.lock */ = {
			isa = PBXShellScriptBuildPhase;
			buildActionMask = 2147483647;
			files = (
			);
			inputFileListPaths = (
			);
			inputPaths = (
				"${PODS_PODFILE_DIR_PATH}/Podfile.lock",
				"${PODS_ROOT}/Manifest.lock",
			);
			name = "[CP] Check Pods Manifest.lock";
			outputFileListPaths = (
			);
			outputPaths = (
				"$(DERIVED_FILE_DIR)/Pods-Filmder-checkManifestLockResult.txt",
			);
			runOnlyForDeploymentPostprocessing = 0;
			shellPath = /bin/sh;
			shellScript = "diff \"${PODS_PODFILE_DIR_PATH}/Podfile.lock\" \"${PODS_ROOT}/Manifest.lock\" > /dev/null\nif [ $? != 0 ] ; then\n    # print error to STDERR\n    echo \"error: The sandbox is not in sync with the Podfile.lock. Run 'pod install' or update your CocoaPods installation.\" >&2\n    exit 1\nfi\n# This output is used by Xcode 'outputs' to avoid re-running this script phase.\necho \"SUCCESS\" > \"${SCRIPT_OUTPUT_FILE_0}\"\n";
			showEnvVarsInLog = 0;
		};
		950503F3B4F0D4308CCCDF14 /* [CP] Embed Pods Frameworks */ = {
			isa = PBXShellScriptBuildPhase;
			buildActionMask = 2147483647;
			files = (
			);
			inputFileListPaths = (
			);
			inputPaths = (
				"${SRCROOT}/Pods/Target Support Files/Pods-Filmder/Pods-Filmder-frameworks.sh",
				"${BUILT_PRODUCTS_DIR}/KYDrawerController/KYDrawerController.framework",
				"${BUILT_PRODUCTS_DIR}/Kingfisher/Kingfisher.framework",
				"${BUILT_PRODUCTS_DIR}/Koloda/Koloda.framework",
				"${BUILT_PRODUCTS_DIR}/SQLite.swift/SQLite.framework",
				"${BUILT_PRODUCTS_DIR}/TMDBSwift/TMDBSwift.framework",
				"${BUILT_PRODUCTS_DIR}/pop/pop.framework",
			);
			name = "[CP] Embed Pods Frameworks";
			outputFileListPaths = (
			);
			outputPaths = (
				"${TARGET_BUILD_DIR}/${FRAMEWORKS_FOLDER_PATH}/KYDrawerController.framework",
				"${TARGET_BUILD_DIR}/${FRAMEWORKS_FOLDER_PATH}/Kingfisher.framework",
				"${TARGET_BUILD_DIR}/${FRAMEWORKS_FOLDER_PATH}/Koloda.framework",
				"${TARGET_BUILD_DIR}/${FRAMEWORKS_FOLDER_PATH}/SQLite.framework",
				"${TARGET_BUILD_DIR}/${FRAMEWORKS_FOLDER_PATH}/TMDBSwift.framework",
				"${TARGET_BUILD_DIR}/${FRAMEWORKS_FOLDER_PATH}/pop.framework",
			);
			runOnlyForDeploymentPostprocessing = 0;
			shellPath = /bin/sh;
			shellScript = "\"${SRCROOT}/Pods/Target Support Files/Pods-Filmder/Pods-Filmder-frameworks.sh\"\n";
			showEnvVarsInLog = 0;
		};
/* End PBXShellScriptBuildPhase section */

/* Begin PBXSourcesBuildPhase section */
		890FE70621C94F7B00500A47 /* Sources */ = {
			isa = PBXSourcesBuildPhase;
			buildActionMask = 2147483647;
			files = (
				9FC025B521E967BA0049EF91 /* FilterViewController.swift in Sources */,
				9F08A7FA21CA960A00350AAE /* DrawerViewController.swift in Sources */,
				9F08A80421CAA35A00350AAE /* MenuViewController.swift in Sources */,
				9FBF890121CD0EA500FE47E0 /* PopViewController.swift in Sources */,
				9F71F10821CBF33C00EEAE9D /* ArchivedTableViewController.swift in Sources */,
				9FC025B721E96A270049EF91 /* GenresTableViewController.swift in Sources */,
				890FE73F21C950AC00500A47 /* DataBase.swift in Sources */,
				890FE70E21C94F7B00500A47 /* AppDelegate.swift in Sources */,
				9F71F10A21CBF36300EEAE9D /* DiscoverViewController.swift in Sources */,
				9FC025B121E95A740049EF91 /* MovieToSeeTableViewCell.swift in Sources */,
				7CDB7A7321D64E80008B817D /* MoviesHandler.swift in Sources */,
				9F71F10021CBEAA700EEAE9D /* ToSeeTableViewController.swift in Sources */,
				7C00090321E0B9CF00338B3D /* Movie.swift in Sources */,
				9F08A80221CA963400350AAE /* MainTabBarController.swift in Sources */,
				9FC025B321E95E620049EF91 /* MovieArchivedTableViewCell.swift in Sources */,
			);
			runOnlyForDeploymentPostprocessing = 0;
		};
/* End PBXSourcesBuildPhase section */

/* Begin PBXVariantGroup section */
		890FE71121C94F7B00500A47 /* Main.storyboard */ = {
			isa = PBXVariantGroup;
			children = (
				890FE71221C94F7B00500A47 /* Base */,
			);
			name = Main.storyboard;
			sourceTree = "<group>";
		};
		890FE71621C94F7D00500A47 /* LaunchScreen.storyboard */ = {
			isa = PBXVariantGroup;
			children = (
				890FE71721C94F7D00500A47 /* Base */,
			);
			name = LaunchScreen.storyboard;
			sourceTree = "<group>";
		};
/* End PBXVariantGroup section */

/* Begin XCBuildConfiguration section */
		890FE71A21C94F7D00500A47 /* Debug */ = {
			isa = XCBuildConfiguration;
			buildSettings = {
				ALWAYS_SEARCH_USER_PATHS = NO;
				CLANG_ANALYZER_NONNULL = YES;
				CLANG_ANALYZER_NUMBER_OBJECT_CONVERSION = YES_AGGRESSIVE;
				CLANG_CXX_LANGUAGE_STANDARD = "gnu++14";
				CLANG_CXX_LIBRARY = "libc++";
				CLANG_ENABLE_MODULES = YES;
				CLANG_ENABLE_OBJC_ARC = YES;
				CLANG_ENABLE_OBJC_WEAK = YES;
				CLANG_WARN_BLOCK_CAPTURE_AUTORELEASING = YES;
				CLANG_WARN_BOOL_CONVERSION = YES;
				CLANG_WARN_COMMA = YES;
				CLANG_WARN_CONSTANT_CONVERSION = YES;
				CLANG_WARN_DEPRECATED_OBJC_IMPLEMENTATIONS = YES;
				CLANG_WARN_DIRECT_OBJC_ISA_USAGE = YES_ERROR;
				CLANG_WARN_DOCUMENTATION_COMMENTS = YES;
				CLANG_WARN_EMPTY_BODY = YES;
				CLANG_WARN_ENUM_CONVERSION = YES;
				CLANG_WARN_INFINITE_RECURSION = YES;
				CLANG_WARN_INT_CONVERSION = YES;
				CLANG_WARN_NON_LITERAL_NULL_CONVERSION = YES;
				CLANG_WARN_OBJC_IMPLICIT_RETAIN_SELF = YES;
				CLANG_WARN_OBJC_LITERAL_CONVERSION = YES;
				CLANG_WARN_OBJC_ROOT_CLASS = YES_ERROR;
				CLANG_WARN_RANGE_LOOP_ANALYSIS = YES;
				CLANG_WARN_STRICT_PROTOTYPES = YES;
				CLANG_WARN_SUSPICIOUS_MOVE = YES;
				CLANG_WARN_UNGUARDED_AVAILABILITY = YES_AGGRESSIVE;
				CLANG_WARN_UNREACHABLE_CODE = YES;
				CLANG_WARN__DUPLICATE_METHOD_MATCH = YES;
				CODE_SIGN_IDENTITY = "iPhone Developer";
				COPY_PHASE_STRIP = NO;
				DEBUG_INFORMATION_FORMAT = dwarf;
				ENABLE_STRICT_OBJC_MSGSEND = YES;
				ENABLE_TESTABILITY = YES;
				GCC_C_LANGUAGE_STANDARD = gnu11;
				GCC_DYNAMIC_NO_PIC = NO;
				GCC_NO_COMMON_BLOCKS = YES;
				GCC_OPTIMIZATION_LEVEL = 0;
				GCC_PREPROCESSOR_DEFINITIONS = (
					"DEBUG=1",
					"$(inherited)",
				);
				GCC_WARN_64_TO_32_BIT_CONVERSION = YES;
				GCC_WARN_ABOUT_RETURN_TYPE = YES_ERROR;
				GCC_WARN_UNDECLARED_SELECTOR = YES;
				GCC_WARN_UNINITIALIZED_AUTOS = YES_AGGRESSIVE;
				GCC_WARN_UNUSED_FUNCTION = YES;
				GCC_WARN_UNUSED_VARIABLE = YES;
				IPHONEOS_DEPLOYMENT_TARGET = 11.4;
				MTL_ENABLE_DEBUG_INFO = YES;
				ONLY_ACTIVE_ARCH = YES;
				SDKROOT = iphoneos;
				SWIFT_ACTIVE_COMPILATION_CONDITIONS = DEBUG;
				SWIFT_OPTIMIZATION_LEVEL = "-Onone";
			};
			name = Debug;
		};
		890FE71B21C94F7D00500A47 /* Release */ = {
			isa = XCBuildConfiguration;
			buildSettings = {
				ALWAYS_SEARCH_USER_PATHS = NO;
				CLANG_ANALYZER_NONNULL = YES;
				CLANG_ANALYZER_NUMBER_OBJECT_CONVERSION = YES_AGGRESSIVE;
				CLANG_CXX_LANGUAGE_STANDARD = "gnu++14";
				CLANG_CXX_LIBRARY = "libc++";
				CLANG_ENABLE_MODULES = YES;
				CLANG_ENABLE_OBJC_ARC = YES;
				CLANG_ENABLE_OBJC_WEAK = YES;
				CLANG_WARN_BLOCK_CAPTURE_AUTORELEASING = YES;
				CLANG_WARN_BOOL_CONVERSION = YES;
				CLANG_WARN_COMMA = YES;
				CLANG_WARN_CONSTANT_CONVERSION = YES;
				CLANG_WARN_DEPRECATED_OBJC_IMPLEMENTATIONS = YES;
				CLANG_WARN_DIRECT_OBJC_ISA_USAGE = YES_ERROR;
				CLANG_WARN_DOCUMENTATION_COMMENTS = YES;
				CLANG_WARN_EMPTY_BODY = YES;
				CLANG_WARN_ENUM_CONVERSION = YES;
				CLANG_WARN_INFINITE_RECURSION = YES;
				CLANG_WARN_INT_CONVERSION = YES;
				CLANG_WARN_NON_LITERAL_NULL_CONVERSION = YES;
				CLANG_WARN_OBJC_IMPLICIT_RETAIN_SELF = YES;
				CLANG_WARN_OBJC_LITERAL_CONVERSION = YES;
				CLANG_WARN_OBJC_ROOT_CLASS = YES_ERROR;
				CLANG_WARN_RANGE_LOOP_ANALYSIS = YES;
				CLANG_WARN_STRICT_PROTOTYPES = YES;
				CLANG_WARN_SUSPICIOUS_MOVE = YES;
				CLANG_WARN_UNGUARDED_AVAILABILITY = YES_AGGRESSIVE;
				CLANG_WARN_UNREACHABLE_CODE = YES;
				CLANG_WARN__DUPLICATE_METHOD_MATCH = YES;
				CODE_SIGN_IDENTITY = "iPhone Developer";
				COPY_PHASE_STRIP = NO;
				DEBUG_INFORMATION_FORMAT = "dwarf-with-dsym";
				ENABLE_NS_ASSERTIONS = NO;
				ENABLE_STRICT_OBJC_MSGSEND = YES;
				GCC_C_LANGUAGE_STANDARD = gnu11;
				GCC_NO_COMMON_BLOCKS = YES;
				GCC_WARN_64_TO_32_BIT_CONVERSION = YES;
				GCC_WARN_ABOUT_RETURN_TYPE = YES_ERROR;
				GCC_WARN_UNDECLARED_SELECTOR = YES;
				GCC_WARN_UNINITIALIZED_AUTOS = YES_AGGRESSIVE;
				GCC_WARN_UNUSED_FUNCTION = YES;
				GCC_WARN_UNUSED_VARIABLE = YES;
				IPHONEOS_DEPLOYMENT_TARGET = 11.4;
				MTL_ENABLE_DEBUG_INFO = NO;
				SDKROOT = iphoneos;
				SWIFT_COMPILATION_MODE = wholemodule;
				SWIFT_OPTIMIZATION_LEVEL = "-O";
				VALIDATE_PRODUCT = YES;
			};
			name = Release;
		};
		890FE71D21C94F7D00500A47 /* Debug */ = {
			isa = XCBuildConfiguration;
			baseConfigurationReference = 8905CBEED6599BDD7199F928 /* Pods-Filmder.debug.xcconfig */;
			buildSettings = {
				ALWAYS_EMBED_SWIFT_STANDARD_LIBRARIES = YES;
				ASSETCATALOG_COMPILER_APPICON_NAME = AppIcon;
				CODE_SIGN_STYLE = Automatic;
				INFOPLIST_FILE = Filmder/Info.plist;
				LD_RUNPATH_SEARCH_PATHS = (
					"$(inherited)",
					"@executable_path/Frameworks",
				);
				PRODUCT_BUNDLE_IDENTIFIER = fr.utt.if26.Filmder;
				PRODUCT_NAME = "$(TARGET_NAME)";
				SWIFT_VERSION = 4.0;
				TARGETED_DEVICE_FAMILY = "1,2";
			};
			name = Debug;
		};
		890FE71E21C94F7D00500A47 /* Release */ = {
			isa = XCBuildConfiguration;
			baseConfigurationReference = A7CCB847B1FA1ED39882C0DF /* Pods-Filmder.release.xcconfig */;
			buildSettings = {
				ALWAYS_EMBED_SWIFT_STANDARD_LIBRARIES = YES;
				ASSETCATALOG_COMPILER_APPICON_NAME = AppIcon;
				CODE_SIGN_STYLE = Automatic;
				INFOPLIST_FILE = Filmder/Info.plist;
				LD_RUNPATH_SEARCH_PATHS = (
					"$(inherited)",
					"@executable_path/Frameworks",
				);
				PRODUCT_BUNDLE_IDENTIFIER = fr.utt.if26.Filmder;
				PRODUCT_NAME = "$(TARGET_NAME)";
				SWIFT_VERSION = 4.0;
				TARGETED_DEVICE_FAMILY = "1,2";
			};
			name = Release;
		};
/* End XCBuildConfiguration section */

/* Begin XCConfigurationList section */
		890FE70521C94F7B00500A47 /* Build configuration list for PBXProject "Filmder" */ = {
			isa = XCConfigurationList;
			buildConfigurations = (
				890FE71A21C94F7D00500A47 /* Debug */,
				890FE71B21C94F7D00500A47 /* Release */,
			);
			defaultConfigurationIsVisible = 0;
			defaultConfigurationName = Release;
		};
		890FE71C21C94F7D00500A47 /* Build configuration list for PBXNativeTarget "Filmder" */ = {
			isa = XCConfigurationList;
			buildConfigurations = (
				890FE71D21C94F7D00500A47 /* Debug */,
				890FE71E21C94F7D00500A47 /* Release */,
			);
			defaultConfigurationIsVisible = 0;
			defaultConfigurationName = Release;
		};
/* End XCConfigurationList section */
	};
	rootObject = 890FE70221C94F7B00500A47 /* Project object */;
}
